
Microsoft Visual Studio Solution File, Format Version 12.00
# Visual Studio 15
VisualStudioVersion = 15.0.28307.1209
MinimumVisualStudioVersion = 10.0.40219.1
Project("{FAE04EC0-301F-11D3-BF4B-00C04F79EFBC}") = "ClassLibrary3", "ClassLibrary3\ClassLibrary3.csproj", "{93846059-508E-4A2A-85CF-A2312DE8833F}"
EndProject
Global
	GlobalSection(SolutionConfigurationPlatforms) = preSolution
		Debug|Any CPU = Debug|Any CPU
		Release|Any CPU = Release|Any CPU
	EndGlobalSection
	GlobalSection(ProjectConfigurationPlatforms) = postSolution
		{93846059-508E-4A2A-85CF-A2312DE8833F}.Debug|Any CPU.ActiveCfg = Debug|Any CPU
		{93846059-508E-4A2A-85CF-A2312DE8833F}.Debug|Any CPU.Build.0 = Debug|Any CPU
		{93846059-508E-4A2A-85CF-A2312DE8833F}.Release|Any CPU.ActiveCfg = Release|Any CPU
		{93846059-508E-4A2A-85CF-A2312DE8833F}.Release|Any CPU.Build.0 = Release|Any CPU
	EndGlobalSection
	GlobalSection(SolutionProperties) = preSolution
		HideSolutionNode = FALSE
	EndGlobalSection
	GlobalSection(ExtensibilityGlobals) = postSolution
		SolutionGuid = {F96251D1-F34D-49D5-A48D-733779C76413}
	EndGlobalSection
EndGlobal
